version = 1
revision = 3
requires-python = "==3.11.*"

[[package]]
name = "basedpyright"
version = "1.39.10"
source = { registry = "https://pypi.org/simple" }
dependencies = [
    { name = "nodejs-wheel-binaries" },
]
sdist = { url = "https://files.pythonhosted.org/packages/68/43/ad2999f3b09eb2b1e59931d88fac0f7bcc9c17fc18c903268779bd10cc97/basedpyright-1.39.10.tar.gz", hash = "sha256:c8eaf5302f3265e275c7df4fba194d7afa7c1cb53fbfd448e90098360aca2c2e", size = 24740347, upload-time = "2026-08-13T17:09:02.51Z" }
wheels = [
    { url = "https://files.pythonhosted.org/packages/be/2a/a224054d75a58786c482f63b8ff2a09fc3362268bd1ebd0a61fb3f982153/basedpyright-1.39.10-py3-none-any.whl", hash = "sha256:cbd75d83c0be841329bcfef2d2f1182f152a6d975b8eb199e75cf5b8e9a3de78", size = 13482322, upload-time = "2026-08-13T17:08:59.074Z" },
]

[[package]]
name = "bleak"
version = "3.0.2"
source = { registry = "https://pypi.org/simple" }
dependencies = [
    { name = "dbus-fast", marker = "sys_platform == 'linux'" },
    { name = "pyobjc-core", marker = "sys_platform == 'darwin'" },
    { name = "pyobjc-framework-corebluetooth", marker = "sys_platform == 'darwin'" },
    { name = "pyobjc-framework-libdispatch", marker = "sys_platform == 'darwin'" },
    { name = "typing-extensions" },
    { name = "winrt-runtime", marker = "sys_platform == 'win32'" },
    { name = "winrt-windows-devices-bluetooth", marker = "sys_platform == 'win32'" },
    { name = "winrt-windows-devices-bluetooth-advertisement", marker = "sys_platform == 'win32'" },
    { name = "winrt-windows-devices-bluetooth-genericattributeprofile", marker = "sys_platform == 'win32'" },
    { name = "winrt-windows-devices-enumeration", marker = "sys_platform == 'win32'" },
    { name = "winrt-windows-devices-radios", marker = "sys_platform == 'win32'" },
    { name = "winrt-windows-foundation", marker = "sys_platform == 'win32'" },
    { name = "winrt-windows-foundation-collections", marker = "sys_platform == 'win32'" },
    { name = "winrt-windows-storage-streams", marker = "sys_platform == 'win32'" },
]
sdist = { url = "https://files.pythonhosted.org/packages/16/df/05a3f80ca8e3f7f5b0dba68a9e618147c909ccdba1468f07487dc8d72a9d/bleak-3.0.2.tar.gz", hash = "sha256:c2229cb8238d5876b4bd05c74bf7a1aea1f88da39d2e51ac9dfd5cc319d5265f", size = 125293, upload-time = "2026-05-02T23:01:04.066Z" }
wheels = [
    { url = "https://files.pythonhosted.org/packages/26/54/05aceb9cd80073805b3ed8522e3196e8cb22f70e741873fa51406c31f4e7/bleak-3.0.2-py3-none-any.whl", hash = "sha256:39092feb9e83f1df5ad2f88e837723c7211c982ce9e9cda6235104bc2ebe0d0d", size = 146490, upload-time = "2026-05-02T23:01:02.592Z" },
]

[[package]]
name = "bleak-winrt"
version = "1.2.0"
source = { registry = "https://pypi.org/simple" }
sdist = { url = "https://files.pythonhosted.org/packages/a9/7a/009ee84b7860a8c5345529026df32a5caa5da767a840a6f7bf259f53a2ed/bleak-winrt-1.2.0.tar.gz", hash = "sha256:0577d070251b9354fc6c45ffac57e39341ebb08ead014b1bdbd43e211d2ce1d6", size = 3855591, upload-time = "2022-09-09T23:05:28.342Z" }
wheels = [
    { url = "https://files.pythonhosted.org/packages/59/d8/a9d15da86bfac0426beda775f4ea7a3bfc862e12e7b6735c458ffcb20c3d/bleak_winrt-1.2.0-cp311-cp311-win32.whl", hash = "sha256:9449cdb942f22c9892bc1ada99e2ccce9bea8a8af1493e81fefb6de2cb3a7b80", size = 446383, upload-time = "2022-09-09T23:05:16.923Z" },
    { url = "https://files.pythonhosted.org/packages/e4/ff/80fb7efa320059a096d6cde1fd869785000dde061e569c043273b69f89ba/bleak_winrt-1.2.0-cp311-cp311-win_amd64.whl", hash = "sha256:98c1b5a6a6c431ac7f76aa4285b752fe14a1c626bd8a1dfa56f66173ff120bee", size = 524891, upload-time = "2022-09-09T23:05:18.111Z" },
]

[[package]]
name = "bless"
version = "0.3.0"
source = { registry = "https://pypi.org/simple" }
dependencies = [
    { name = "bleak" },
    { name = "bleak-winrt", marker = "sys_platform == 'win32'" },
    { name = "dbus-next", marker = "sys_platform == 'linux'" },
    { name = "pywin32", marker = "sys_platform == 'win32'" },
]
sdist = { url = "https://files.pythonhosted.org/packages/f0/58/9e070e52b96bd342ccc709489280d8d12a69d55a2cb12082365676fad05f/bless-0.3.0.tar.gz", hash = "sha256:5a62105dfe204be44ab36d20fb9071a994167d5ddd9fee722fb2b5612d7a9ea2", size = 33930, upload-time = "2025-12-23T00:52:15.326Z" }
wheels = [
    { url = "https://files.pythonhosted.org/packages/5c/9f/2536a28f9cd8c7c98424d16c0e352ec43045e89f61ce5c31b344df3b3ae9/bless-0.3.0-py3-none-any.whl", hash = "sha256:29c5a87a100a43f1dddab29e46a5adfdc871d42f4d421f13ae5c7a0ec23e7a6b", size = 46597, upload-time = "2025-12-23T00:52:14.143Z" },
]

[[package]]
name = "bluezero"
version = "0.9.1"
source = { registry = "https://pypi.org/simple" }
dependencies = [
    { name = "pygobject" },
]
sdist = { url = "https://files.pythonhosted.org/packages/ca/09/2aec91949397d15acb794648d65646e27f0e9f999a0da962e73023198663/bluezero-0.9.1.tar.gz", hash = "sha256:82488a9dc264f6114bb9727cc7e8939fa3a8d08fd71384cdab31419a80d25f97", size = 49725, upload-time = "2025-03-23T13:02:54.456Z" }
wheels = [
    { url = "https://files.pythonhosted.org/packages/5a/d0/34d7d4f224aec600f54f2c57d24f8199608b5ad7c3fe4f740b759a1008b9/bluezero-0.9.1-py2.py3-none-any.whl", hash = "sha256:253c2aacce9d18d99780c3195dd77a5002fea8d74a1ada3152b2c041b48b586e", size = 41784, upload-time = "2025-03-23T13:02:52.955Z" },
]

[[package]]
name = "colorama"
version = "0.4.6"
source = { registry = "https://pypi.org/simple" }
sdist = { url = "https://files.pythonhosted.org/packages/d8/53/6f443c9a4a8358a93a6792e2acffb9d9d5cb0a5cfd8802644b7b1c9a02e4/colorama-0.4.6.tar.gz", hash = "sha256:08695f5cb7ed6e0531a20572697297273c47b8cae5a63ffc6d6ed5c201be6e44", size = 27697, upload-time = "2022-10-25T02:36:22.414Z" }
wheels = [
    { url = "https://files.pythonhosted.org/packages/d1/d6/3965ed04c63042e047cb6a3e6ed1a63a35087b6a609aa3a15ed8ac56c221/colorama-0.4.6-py2.py3-none-any.whl", hash = "sha256:4f1d9991f5acc0ca119f9d443620b77f9d6b33703e51011c16baf57afb285fc6", size = 25335, upload-time = "2022-10-25T02:36:20.889Z" },
]

[[package]]
name = "dbus-fast"
version = "5.0.22"
source = { registry = "https://pypi.org/simple" }
sdist = { url = "https://files.pythonhosted.org/packages/aa/db/b621610e50b1bc46ff63534d75239553c1bf33256de6096b58214fd9808a/dbus_fast-5.0.22.tar.gz", hash = "sha256:34dc67d7d21a12399828dd13e63b352750580beea54ea7c729e708f2d2905fef", size = 83224, upload-time = "2026-06-05T18:47:59.171Z" }
wheels = [
    { url = "https://files.pythonhosted.org/packages/ec/84/dfb014de75a3a854dccaae1cce8f840e4312e3efc781768eedd60d25d9ef/dbus_fast-5.0.22-cp311-cp311-manylinux2014_aarch64.manylinux_2_17_aarch64.manylinux_2_28_aarch64.whl", hash = "sha256:846f9a6602b4383f989201f7851459fb225a8912cd24b38e63894748545c3040", size = 838836, upload-time = "2026-06-05T18:55:51.51Z" },
    { url = "https://files.pythonhosted.org/packages/70/c2/be41bcc678e97092d44ba22d09ce687f76c955b3367a7e6863377b1cfea5/dbus_fast-5.0.22-cp311-cp311-manylinux2014_x86_64.manylinux_2_17_x86_64.manylinux_2_28_x86_64.whl", hash = "sha256:886b43446b6fdc3986befbbb88db1365b14e49dd0a7edf84c2c67ac66c7160a4", size = 883163, upload-time = "2026-06-05T18:55:53Z" },
    { url = "https://files.pythonhosted.org/packages/17/cf/336c08f88fdd813a39fc1603a10a15aec67115e08a895e7c9840df54d4d7/dbus_fast-5.0.22-cp311-cp311-manylinux_2_31_riscv64.manylinux_2_39_riscv64.whl", hash = "sha256:3a699fca957acc845ddb12b47f741dba23ce147fdb93583e0c7e7bad3e9b2355", size = 886852, upload-time = "2026-06-05T18:55:54.434Z" },
    { url = "https://files.pythonhosted.org/packages/04/f1/7c1aa53f25252a2317f21ad6e8eaa125246d2585ea4611f3f10a6feaeeb1/dbus_fast-5.0.22-cp311-cp311-musllinux_1_2_aarch64.whl", hash = "sha256:9a5b05fd4973862042e5bee2c5e8c5a15297e0b33a975bf25b44becf7bcb3618", size = 846497, upload-time = "2026-06-05T18:55:56.193Z" },
    { url = "https://files.pythonhosted.org/packages/4c/32/a981ef2305f1bf41e538e02fa0cd69614f9043fd00ca965bf3044416c79b/dbus_fast-5.0.22-cp311-cp311-musllinux_1_2_riscv64.whl", hash = "sha256:6c4dae5292a7924ec062815c34b49043d8386cd22e165f9fb4012de00997cdf1", size = 882275, upload-time = "2026-06-05T18:55:57.653Z" },
    { url = "https://files.pythonhosted.org/packages/d9/a0/78800a172f4ca32e19a70a36e175f54831f33a497c9644f3a3fa4dce01ea/dbus_fast-5.0.22-cp311-cp311-musllinux_1_2_x86_64.whl", hash = "sha256:b7d90a52be79acbaef257f3a81d5b9b9dec40f1bad29429ac5c7802684fb9b84", size = 890566, upload-time = "2026-06-05T18:55:59.407Z" },
]

[[package]]
name = "dbus-next"
version = "0.2.3"
source = { registry = "https://pypi.org/simple" }
sdist = { url = "https://files.pythonhosted.org/packages/ce/45/6a40fbe886d60a8c26f480e7d12535502b5ba123814b3b9a0b002ebca198/dbus_next-0.2.3.tar.gz", hash = "sha256:f4eae26909332ada528c0a3549dda8d4f088f9b365153952a408e28023a626a5", size = 71112, upload-time = "2021-07-25T22:11:28.398Z" }
wheels = [
    { url = "https://files.pythonhosted.org/packages/d2/fc/c0a3f4c4eaa5a22fbef91713474666e13d0ea2a69c84532579490a9f2cc8/dbus_next-0.2.3-py3-none-any.whl", hash = "sha256:58948f9aff9db08316734c0be2a120f6dc502124d9642f55e90ac82ffb16a18b", size = 57885, upload-time = "2021-07-25T22:11:25.466Z" },
]

[[package]]
name = "device"
version = "0.1.0"
source = { editable = "." }

[package.dev-dependencies]
dev = [
    { name = "basedpyright" },
    { name = "pytest" },
    { name = "ruff" },
]
device = [
    { name = "bluezero" },
]
mock = [
    { name = "bless" },
]

[package.metadata]

[package.metadata.requires-dev]
dev = [
    { name = "basedpyright", specifier = ">=1.31" },
    { name = "pytest", specifier = ">=8.4" },
    { name = "ruff", specifier = ">=0.14" },
]
device = [{ name = "bluezero", specifier = ">=0.9" }]
mock = [{ name = "bless", specifier = ">=0.3" }]

[[package]]
name = "iniconfig"
version = "2.3.0"
source = { registry = "https://pypi.org/simple" }
sdist = { url = "https://files.pythonhosted.org/packages/72/34/14ca021ce8e5dfedc35312d08ba8bf51fdd999c576889fc2c24cb97f4f10/iniconfig-2.3.0.tar.gz", hash = "sha256:c76315c77db068650d49c5b56314774a7804df16fee4402c1f19d6d15d8c4730", size = 20503, upload-time = "2025-10-18T21:55:43.219Z" }
wheels = [
    { url = "https://files.pythonhosted.org/packages/cb/b1/3846dd7f199d53cb17f49cba7e651e9ce294d8497c8c150530ed11865bb8/iniconfig-2.3.0-py3-none-any.whl", hash = "sha256:f631c04d2c48c52b84d0d0549c99ff3859c98df65b3101406327ecc7d53fbf12", size = 7484, upload-time = "2025-10-18T21:55:41.639Z" },
]

[[package]]
name = "nodejs-wheel-binaries"
version = "24.19.0"
source = { registry = "https://pypi.org/simple" }
sdist = { url = "https://files.pythonhosted.org/packages/c0/76/7e97195e14346598565a0de4ca8bdbd5e634b3fb5b1ba590b7b1b89f8a63/nodejs_wheel_binaries-24.19.0.tar.gz", hash = "sha256:db217eef8cab8551667863379b08db4d9067403f6cbbe87481eb40edceb8aa9b", size = 8058, upload-time = "2026-08-19T21:47:19.671Z" }
wheels = [
    { url = "https://files.pythonhosted.org/packages/8c/52/0774b52c7be8151ad9d5aff44edc100c3f13d6d8eb3765f63ffa40e69fe8/nodejs_wheel_binaries-24.19.0-py2.py3-none-macosx_13_0_arm64.whl", hash = "sha256:e12cbfd69089504e42fb14194ce734a9dcf3eb38c820ca63dd511d36fb964e9c", size = 56047203, upload-time = "2026-08-19T21:46:43.448Z" },
    { url = "https://files.pythonhosted.org/packages/67/3a/4fdbbfecf2c23d52c0e3f68de7f7c1b3c97a26d328c69c5f6c49c48e340e/nodejs_wheel_binaries-24.19.0-py2.py3-none-macosx_13_0_x86_64.whl", hash = "sha256:1c890adf4b7e6556ccc1ca66c866bb81884b6c9a581dee4e530dc7f78fb9d514", size = 56219459, upload-time = "2026-08-19T21:46:48.45Z" },
    { url = "https://files.pythonhosted.org/packages/5f/a8/0147149415195c59b8a72a594916bfb80d6be4d586f9fbfda313889e0efc/nodejs_wheel_binaries-24.19.0-py2.py3-none-manylinux_2_28_aarch64.whl", hash = "sha256:4e029dadfae1295876063c96b236f673487e8c27379fe146c1e2250283520227", size = 60588256, upload-time = "2026-08-19T21:46:53.298Z" },
    { url = "https://files.pythonhosted.org/packages/f4/89/6631d0982353da1bb7bc00bb1988f702822c62b42634f57999ee53b5c337/nodejs_wheel_binaries-24.19.0-py2.py3-none-manylinux_2_28_x86_64.whl", hash = "sha256:4196a947bcc883f2003ab101762d729f3e99b5e86b75bd09151563403e2eceb8", size = 61123607, upload-time = "2026-08-19T21:46:58.117Z" },
    { url = "https://files.pythonhosted.org/packages/32/a2/fa30f0841e4602995782e124359f9b910c7b481d98decf61ef0b2fc3ebfb/nodejs_wheel_binaries-24.19.0-py2.py3-none-musllinux_1_2_aarch64.whl", hash = "sha256:352e048ab4dd35e7de5f338d1cc4fcbf77a0e93da30bf7336a8217ee246b31d7", size = 62632842, upload-time = "2026-08-19T21:47:03.42Z" },
    { url = "https://files.pythonhosted.org/packages/18/01/22d97ca72213f66cc386ee638db30c2e62757fdf761c6029074bced83d1c/nodejs_wheel_binaries-24.19.0-py2.py3-none-musllinux_1_2_x86_64.whl", hash = "sha256:28d078b2ced9e2069516e652dc4b1380e7a1a7f2d3934eccd1611586d283ba4c", size = 63250653, upload-time = "2026-08-19T21:47:07.938Z" },
    { url = "https://files.pythonhosted.org/packages/88/d1/e3be8fa327a795bcaf7a19cd84299e338a7bce32ff0665fdce9cfa22573c/nodejs_wheel_binaries-24.19.0-py2.py3-none-win_amd64.whl", hash = "sha256:67e3abeb9c3830cae8c8487ae8a2af7cc27dfa75af06145cee5ca7d1857c81bd", size = 42448503, upload-time = "2026-08-19T21:47:12.093Z" },
    { url = "https://files.pythonhosted.org/packages/1d/37/34cf28ba1691a060174948a9927fe61091982d6048b2e403071a9acce443/nodejs_wheel_binaries-24.19.0-py2.py3-none-win_arm64.whl", hash = "sha256:d9074c665ea68b04e183d82482c86dc907d3a9bd15eb6cf85542cb785266bb36", size = 40090155, upload-time = "2026-08-19T21:47:16.032Z" },
]

[[package]]
name = "packaging"
version = "26.3"
source = { registry = "https://pypi.org/simple" }
sdist = { url = "https://files.pythonhosted.org/packages/7d/fa/3944b40b07da9ce895c0e6303a5ab7d53da063554f534556b134a54d6093/packaging-26.3.tar.gz", hash = "sha256:94edc256424af38762eb31306eed28beb9f0efc50a8837492c9d6fd6004aed79", size = 313412, upload-time = "2026-08-04T18:15:28.737Z" }
wheels = [
    { url = "https://files.pythonhosted.org/packages/63/34/ba1c580383c9eada3711951fef0795c80b829a078d72188184bcab9dd527/packaging-26.3-py3-none-any.whl", hash = "sha256:d7193f7c8e4e93f444fde0262bf90af30e16fa0ad0ad44cb553c87339b23cd1c", size = 129956, upload-time = "2026-08-04T18:15:27.159Z" },
]

[[package]]
name = "pluggy"
version = "1.6.0"
source = { registry = "https://pypi.org/simple" }
sdist = { url = "https://files.pythonhosted.org/packages/f9/e2/3e91f31a7d2b083fe6ef3fa267035b518369d9511ffab804f839851d2779/pluggy-1.6.0.tar.gz", hash = "sha256:7dcc130b76258d33b90f61b658791dede3486c3e6bfb003ee5c9bfb396dd22f3", size = 69412, upload-time = "2025-05-15T12:30:07.975Z" }
wheels = [
    { url = "https://files.pythonhosted.org/packages/54/20/4d324d65cc6d9205fabedc306948156824eb9f0ee1633355a8f7ec5c66bf/pluggy-1.6.0-py3-none-any.whl", hash = "sha256:e920276dd6813095e9377c0bc5566d94c932c33b27a3e3945d8389c374dd4746", size = 20538, upload-time = "2025-05-15T12:30:06.134Z" },
]

[[package]]
name = "pycairo"
version = "1.29.1"
source = { registry = "https://pypi.org/simple" }
sdist = { url = "https://files.pythonhosted.org/packages/26/7c/ab4637b028d9ee12280ab9342f28310e613d5ca30c4d72d2aebeaa6a4969/pycairo-1.29.1.tar.gz", hash = "sha256:4fbd26b4af24c9787d84cf5448e34eb8dca064b732479aaecd03109520eebd5f", size = 666272, upload-time = "2026-08-07T08:45:50.095Z" }
wheels = [
    { url = "https://files.pythonhosted.org/packages/4d/83/d2dfb322cc3acc583aa6e8e601e7c320108804f3f3c677383f23a0de8624/pycairo-1.29.1-cp311-cp311-win32.whl", hash = "sha256:50da6e8eb1525f216e564b3e634b19ede5465080d4fa813416ed45a69b3f6605", size = 751309, upload-time = "2026-08-07T08:46:07.317Z" },
    { url = "https://files.pythonhosted.org/packages/34/e6/f09d1c0ca4a887aea020774c59adabc04b7e1d2f00287ef48473540001e5/pycairo-1.29.1-cp311-cp311-win_amd64.whl", hash = "sha256:73a364341ce6b382200d13cfdf814f8ea50a8a2e0f8280c2d2e7dfb3ba52edcf", size = 845463, upload-time = "2026-08-07T08:46:09.287Z" },
    { url = "https://files.pythonhosted.org/packages/69/a6/84415dce82c4865169847acc2de7895a1463956569383f17cb39e89f1287/pycairo-1.29.1-cp311-cp311-win_arm64.whl", hash = "sha256:59eb4a6d1101834a7ba2c7a8096fccd54eb8514d8189f896b4a8e24a19cfa1f0", size = 694560, upload-time = "2026-08-07T08:46:10.657Z" },
]

[[package]]
name = "pygments"
version = "2.21.0"
source = { registry = "https://pypi.org/simple" }
sdist = { url = "https://files.pythonhosted.org/packages/49/2e/ced460408999b33da6b31b0021b0f37d329e202d4169aeb164493778f25b/pygments-2.21.0.tar.gz", hash = "sha256:610ca751c9bc2492b38eb9a38a7fbc93edbbb2d7182edaf34e66ae493dee5c8c", size = 5005329, upload-time = "2026-08-17T08:02:48.824Z" }
wheels = [
    { url = "https://files.pythonhosted.org/packages/71/46/17f022dd3e953bf20a04a028a21ec746d942f8d2af30fa0f124fa0e6a684/pygments-2.21.0-py3-none-any.whl", hash = "sha256:2363c69b61c4a97c838da3b130dcd6468f4848992b21a82f2a63ec34377137d9", size = 1250147, upload-time = "2026-08-17T08:02:44.912Z" },
]

[[package]]
name = "pygobject"
version = "3.50.2"
source = { registry = "https://pypi.org/simple" }
dependencies = [
    { name = "pycairo" },
]
sdist = { url = "https://files.pythonhosted.org/packages/a7/5d/f2946cc6c1baf56dee6e942af8cfa16472538a8ad9d780d9f484e7554288/pygobject-3.50.2.tar.gz", hash = "sha256:ece6b860aab77cb649fdfc6e88d8a83765e7a62f7ffd39a628d6e2a0d397a7ff", size = 1085854, upload-time = "2025-10-18T13:44:45.634Z" }

[[package]]
name = "pyobjc-core"
version = "12.2.2"
source = { registry = "https://pypi.org/simple" }
sdist = { url = "https://files.pythonhosted.org/packages/a5/78/abc4ce5920305780aeb36b4067a86253378b36e29ba96673a3deb02eb03a/pyobjc_core-12.2.2.tar.gz", hash = "sha256:3906452339cd06a3bb07df103c2511d4cb0f7a22d8771c0b802eba15d9a642b6", size = 1067701, upload-time = "2026-08-11T19:43:39.059Z" }
wheels = [
    { url = "https://files.pythonhosted.org/packages/ce/8e/18284fec7913ef78b25a1c97f9689ebef98bc14038386191491516abeb25/pyobjc_core-12.2.2-cp311-cp311-macosx_10_9_universal2.whl", hash = "sha256:b9cdd686e32db8e451feb19f8a85bc4cd52c2893103881d04aca51e1f35371d1", size = 6481574, upload-time = "2026-08-11T14:13:27.153Z" },
]

[[package]]
name = "pyobjc-framework-cocoa"
version = "12.2.2"
source = { registry = "https://pypi.org/simple" }
dependencies = [
    { name = "pyobjc-core" },
]
sdist = { url = "https://files.pythonhosted.org/packages/75/76/49c6da2c6a831020b4854ba20079d5a1030474bffc776b7b73c2eeff8c15/pyobjc_framework_cocoa-12.2.2.tar.gz", hash = "sha256:c96c0ef69a71afbbb0e6a7d594b455c5fe47d62e0db376ee7a2b4b828c16ace9", size = 3132831, upload-time = "2026-08-11T19:44:02.288Z" }
wheels = [
    { url = "https://files.pythonhosted.org/packages/f6/a7/370f12143661dff66f2c68a735938afab6530aa3b153f6a7a6f12b5eabab/pyobjc_framework_cocoa-12.2.2-cp311-cp311-macosx_10_9_universal2.whl", hash = "sha256:851dca4c16e70b405e5cd5a8c166cf7c445ae54a4cdd95ce9a523803172f32d1", size = 387300, upload-time = "2026-08-11T19:32:42.043Z" },
]

[[package]]
name = "pyobjc-framework-corebluetooth"
version = "12.2.2"
source = { registry = "https://pypi.org/simple" }
dependencies = [
    { name = "pyobjc-core" },
    { name = "pyobjc-framework-cocoa" },
]
sdist = { url = "https://files.pythonhosted.org/packages/53/f6/424a21392b3290dab0e8a78bddbe4e71754b9f1cf70d0e1584c03d6df987/pyobjc_framework_corebluetooth-12.2.2.tar.gz", hash = "sha256:75aa13f5355be549252d3192864bb3b82eb74c1f667d0527c1388117efffd688", size = 37806, upload-time = "2026-08-11T19:44:08.594Z" }
wheels = [
    { url = "https://files.pythonhosted.org/packages/b3/30/9a48cd52097534e7e29512e15529bde6dd77a922a84fbf2027503151aa2c/pyobjc_framework_corebluetooth-12.2.2-cp311-cp311-macosx_10_9_universal2.whl", hash = "sha256:6820800a38777b1f20bfabb96f724ec71a26683c378640a115eccfa2b52eea13", size = 13196, upload-time = "2026-08-11T19:33:26.08Z" },
]

[[package]]
name = "pyobjc-framework-libdispatch"
version = "12.2.2"
source = { registry = "https://pypi.org/simple" }
dependencies = [
    { name = "pyobjc-core" },
    { name = "pyobjc-framework-cocoa" },
]
sdist = { url = "https://files.pythonhosted.org/packages/f0/76/e40db30142b551790e5ab208e74de04cfc70823177a702c8c9e3f5e73034/pyobjc_framework_libdispatch-12.2.2.tar.gz", hash = "sha256:7cb799a7c5766cc1b68b68655a02c950646adfd2a743b7cbe8e4a04a51c44ecb", size = 40625, upload-time = "2026-08-11T19:44:46.277Z" }
wheels = [
    { url = "https://files.pythonhosted.org/packages/49/b4/08ba72bf0d9b138c95a96b3a61a73b370b3ec00996e16af3b9d9190e0d95/pyobjc_framework_libdispatch-12.2.2-cp311-cp311-macosx_10_9_universal2.whl", hash = "sha256:e8e5411ed58ed1643f39a486880193cb1b1103df45d64ebd1072a193dce09a22", size = 20491, upload-time = "2026-08-11T19:37:27.118Z" },
]

[[package]]
name = "pytest"
version = "9.1.1"
source = { registry = "https://pypi.org/simple" }
dependencies = [
    { name = "colorama", marker = "sys_platform == 'win32'" },
    { name = "iniconfig" },
    { name = "packaging" },
    { name = "pluggy" },
    { name = "pygments" },
]
sdist = { url = "https://files.pythonhosted.org/packages/e4/47/b9efed96c114afcfa3c9d3fe98a76a1d14c74a9e266d397cf6eb64be5e01/pytest-9.1.1.tar.gz", hash = "sha256:1088fbde8f2b49d95a549a195707afa7a76a3ce9bcadc26b6d71f0ffda5fe313", size = 1636369, upload-time = "2026-06-19T10:58:32.857Z" }
wheels = [
    { url = "https://files.pythonhosted.org/packages/24/25/1de2678b631f5a49215c6c96fff41ba892b0a34df68d6d80292b1b48aa7f/pytest-9.1.1-py3-none-any.whl", hash = "sha256:37a86b45efb9a47a61a36449063e8e18d0cab3161329fc099eb21783169c4f0c", size = 386536, upload-time = "2026-06-19T10:58:31.347Z" },
]

[[package]]
name = "pywin32"
version = "312"
source = { registry = "https://pypi.org/simple" }
wheels = [
    { url = "https://files.pythonhosted.org/packages/1f/f5/10a6e845a00fc5e7afd0a988b744f403d4d57162a28d160a093c4d9322f0/pywin32-312-cp311-cp311-win32.whl", hash = "sha256:17948aeadbdb091f0ced6ef0841620794e68327b94ee415571c1203594b7215c", size = 6362659, upload-time = "2026-06-04T07:49:21.349Z" },
    { url = "https://files.pythonhosted.org/packages/35/c4/dcd2d62b5944b6d5db53413a5899016ccd57ffcb7278f3f81655d25d2027/pywin32-312-cp311-cp311-win_amd64.whl", hash = "sha256:d11417d84412f859b722fad0841b3614459ed0047f7542d8362e77884f6b6e8a", size = 6928825, upload-time = "2026-06-04T07:49:23.934Z" },
    { url = "https://files.pythonhosted.org/packages/b7/56/3cbb433fe4501cdba2eb9040f56a4e1a8243faa4186b25295564d1a7a79d/pywin32-312-cp311-cp311-win_arm64.whl", hash = "sha256:b2200a054ca6d6625c4842fc56a4976a4b47f96b73dbe5538c3f813a80359f47", size = 6721875, upload-time = "2026-06-04T07:49:26.416Z" },
]

[[package]]
name = "ruff"
version = "0.16.4"
source = { registry = "https://pypi.org/simple" }
sdist = { url = "https://files.pythonhosted.org/packages/00/8f/d8074b1f25e003164087a8bfe79a0f1a3945135764dbb6aaab04103dcaf9/ruff-0.16.4.tar.gz", hash = "sha256:13171aa9d9af2240ee3504e639de73122c67e74036de5ba2e1d01422cd17e3dc", size = 4899731, upload-time = "2026-08-20T17:43:59.196Z" }
wheels = [
    { url = "https://files.pythonhosted.org/packages/ff/80/779895ef584e089d22f2c6df0d0e99a65ec2df0805f1fffd439415b8c1f0/ruff-0.16.4-py3-none-linux_armv6l.whl", hash = "sha256:df4075f71ddac40b9934af60c3ec8a53047dd5a5fdc43224e6e4e8e9a27cb6f7", size = 10006909, upload-time = "2026-08-20T17:43:16.888Z" },
    { url = "https://files.pythonhosted.org/packages/a9/e6/f553199b5e8927a05cb5c422d921fd0656b29ab976e91c44802107c6b0da/ruff-0.16.4-py3-none-macosx_10_12_x86_64.whl", hash = "sha256:0c95538517af68004306b0fb3214ff2f2af67a65092aee77cd9eb86db6656604", size = 10240201, upload-time = "2026-08-20T17:43:19.337Z" },
    { url = "https://files.pythonhosted.org/packages/1c/70/4a6dc4bb34da4dee35e30f09bbd1bfbdd26f33b62fb9b8df31f08a199cd2/ruff-0.16.4-py3-none-macosx_11_0_arm64.whl", hash = "sha256:963f83df8e69e575b64d67dd447ebbc917db41a14bf38d4593a4183e7aaa8255", size = 9835122, upload-time = "2026-08-20T17:43:21.708Z" },
    { url = "https://files.pythonhosted.org/packages/24/12/c6e22d686372c15bcb7af99831f1a1be96df696491babf4f24e4f942c527/ruff-0.16.4-py3-none-manylinux_2_17_aarch64.manylinux2014_aarch64.whl", hash = "sha256:32a5057c7ff3f6e6480a48fccfb3a412a690f48a3d03ac5cf08177d6c2da3ade", size = 9977162, upload-time = "2026-08-20T17:43:24.236Z" },
    { url = "https://files.pythonhosted.org/packages/46/49/72b10ec912f5ab5854992eaf7aa7cd36729b6937d9dc4e0fb41b3bf428ec/ruff-0.16.4-py3-none-manylinux_2_17_armv7l.manylinux2014_armv7l.whl", hash = "sha256:b3dce8d9b0c57c265b91885a66a567d8ea1372e8eb4e250fa8e5e3f579e99cff", size = 9829789, upload-time = "2026-08-20T17:43:26.966Z" },
    { url = "https://files.pythonhosted.org/packages/fa/80/0f30e32e7f6ee26edc39075502db9d368d788a44a79b55f763eb4ab03796/ruff-0.16.4-py3-none-manylinux_2_17_i686.manylinux2014_i686.whl", hash = "sha256:7dc651db49283c69f8e72c834eec4fe5573e4c646856aebece0ce385dceb2a80", size = 10527949, upload-time = "2026-08-20T17:43:29.384Z" },
    { url = "https://files.pythonhosted.org/packages/52/3d/86e8ad3542169e56cac3859a343afdb9df2ad54d35a59ce1e67baee83421/ruff-0.16.4-py3-none-manylinux_2_17_ppc64le.manylinux2014_ppc64le.whl", hash = "sha256:3817b87dbcabc92f13b05019257c5b89b5b4d51b5fb20f56fb5235ceb723cd07", size = 11333695, upload-time = "2026-08-20T17:43:31.872Z" },
    { url = "https://files.pythonhosted.org/packages/d0/16/481c29b380c20a0054a8261066665e1b3488e23636c49d0a43e75975b9bb/ruff-0.16.4-py3-none-manylinux_2_17_s390x.manylinux2014_s390x.whl", hash = "sha256:e9fce1499134b2c8c68e5166f95705a5812062bb93aacc5f9873bb1a27084bc7", size = 10727741, upload-time = "2026-08-20T17:43:34.596Z" },
    { url = "https://files.pythonhosted.org/packages/5e/b6/56bc0b8cf45b54b28b3a5e6381c8945d51b5b18adf659454c32295209a31/ruff-0.16.4-py3-none-manylinux_2_17_x86_64.manylinux2014_x86_64.whl", hash = "sha256:f2d812e482f5a7e02eee26cd73d2a37ebbdf47d795ea63ba1b89110ae93e9fb3", size = 10286522, upload-time = "2026-08-20T17:43:37.288Z" },
    { url = "https://files.pythonhosted.org/packages/e8/8b/b345b4fb110f2fbe2bd31eabd271e5e8b3b7e4ee6c0e02f2dc6be78db000/ruff-0.16.4-py3-none-manylinux_2_31_riscv64.whl", hash = "sha256:6baaf984aa7976edf93d3b627fe2d1d22ee94bbca05fa6f90fc76d73924e3454", size = 10584182, upload-time = "2026-08-20T17:43:39.984Z" },
    { url = "https://files.pythonhosted.org/packages/29/e5/827b34041c35f58774a9681a4213994c164fc987800f4dddabcf451da0bf/ruff-0.16.4-py3-none-musllinux_1_2_aarch64.whl", hash = "sha256:bdfcf0b28662eb890372d50f92c283bb94e67e7635ed93c7fd533970acff7b2b", size = 10134195, upload-time = "2026-08-20T17:43:42.351Z" },
    { url = "https://files.pythonhosted.org/packages/0f/10/d0bffcdd6729b87afc82ba0ef377173356a7dc8e972f5179968cf2fdf98c/ruff-0.16.4-py3-none-musllinux_1_2_armv7l.whl", hash = "sha256:b66b02cb9b04f537643cadf5768e5f98dc461890d530cb67113d71c8c76e605d", size = 9825821, upload-time = "2026-08-20T17:43:44.532Z" },
    { url = "https://files.pythonhosted.org/packages/f5/32/0db2a863b796ca62d83e92a07a3ccf00921b14db02059347576a2fda3d4b/ruff-0.16.4-py3-none-musllinux_1_2_i686.whl", hash = "sha256:8528bf9a4b291a60bf02ea453511e8ce6215bd2b982ee80405b66b008b6c30a0", size = 10267658, upload-time = "2026-08-20T17:43:46.989Z" },
    { url = "https://files.pythonhosted.org/packages/b2/a0/fbdeb59e48c6261f523e56c8f12e9c08fbe693786595cc7e3959207a9232/ruff-0.16.4-py3-none-musllinux_1_2_x86_64.whl", hash = "sha256:fbd85d2875fdd67e833213a651f613bbf25303abf6aa822a5121f4531195678d", size = 10697071, upload-time = "2026-08-20T17:43:49.891Z" },
    { url = "https://files.pythonhosted.org/packages/aa/28/0c6dd865859c6d17bc8ccc34cb72b0e02d6c7eb25e8a1e22b5bea681e2c0/ruff-0.16.4-py3-none-win32.whl", hash = "sha256:312769988007aaeb8e189b443ccdd03c0e6374489e053467be6d96518ebff76e", size = 10021687, upload-time = "2026-08-20T17:43:52.281Z" },
    { url = "https://files.pythonhosted.org/packages/a3/03/e724450f621698117f9aa6dd241c94d0274ae96781378dc86745ae29f0e7/ruff-0.16.4-py3-none-win_amd64.whl", hash = "sha256:05d9d27a18c4bcbefada602480ec9e01e0bc949d432e0ced5df77edac195919c", size = 10567657, upload-time = "2026-08-20T17:43:54.78Z" },
    { url = "https://files.pythonhosted.org/packages/0e/fe/da8b9e1347696bb22120b77280ec5ce25d500ca5cb39d5ad6e5c18de19c1/ruff-0.16.4-py3-none-win_arm64.whl", hash = "sha256:a3a61621c9b6f6a89573e938a080e648f1695baa3f58570a3a707bc51ff65a21", size = 10451579, upload-time = "2026-08-20T17:43:57.135Z" },
]

[[package]]
name = "typing-extensions"
version = "4.16.0"
source = { registry = "https://pypi.org/simple" }
sdist = { url = "https://files.pythonhosted.org/packages/f6/cc/6253133b5bb138fc3306cebfbda2c520f545d36b5be2c7255cc528bb45d6/typing_extensions-4.16.0.tar.gz", hash = "sha256:dc983d19a509c94dba722ee6abd33940f7c05a89e243c47e907eb4db6f1a43e5", size = 113555, upload-time = "2026-07-02T08:40:05.92Z" }
wheels = [
    { url = "https://files.pythonhosted.org/packages/49/d3/b8441a820a491ddfc024b0b0cf0393375b75ea13866d9c66727e54c2fc80/typing_extensions-4.16.0-py3-none-any.whl", hash = "sha256:481caa481374e813c1b176ada14e97f1f67a4539ce9cfeb3f350d78d6370c2e8", size = 45571, upload-time = "2026-07-02T08:40:04.659Z" },
]

[[package]]
name = "winrt-runtime"
version = "3.2.1"
source = { registry = "https://pypi.org/simple" }
dependencies = [
    { name = "typing-extensions" },
]
sdist = { url = "https://files.pythonhosted.org/packages/16/dd/acdd527c1d890c8f852cc2af644aa6c160974e66631289420aa871b05e65/winrt_runtime-3.2.1.tar.gz", hash = "sha256:c8dca19e12b234ae6c3dadf1a4d0761b51e708457492c13beb666556958801ea", size = 21721, upload-time = "2025-06-06T14:40:27.593Z" }
wheels = [
    { url = "https://files.pythonhosted.org/packages/90/8d/d7ae0e07cd85c7768de76e8578261854f2af72bd3a8a527bb675e8ae0eda/winrt_runtime-3.2.1-cp311-cp311-win32.whl", hash = "sha256:9e9b64f1ba631cc4b9fe60b8ff16fef3f32c7ce2fcc84735a63129ff8b15c022", size = 210798, upload-time = "2025-06-06T06:44:04.775Z" },
    { url = "https://files.pythonhosted.org/packages/ac/66/d05f6e6c0517654734e7f87fa1f0fbc965add9f27cc36b524d96331ab3d8/winrt_runtime-3.2.1-cp311-cp311-win_amd64.whl", hash = "sha256:c0a9046ae416808420a358c51705af8ae100acd40bc578be57ddfdd51cbb0f9c", size = 242032, upload-time = "2025-06-06T06:44:06.103Z" },
    { url = "https://files.pythonhosted.org/packages/39/a5/760c8396110f6d3e4c417752da1a2bf3b89e0998329c2f10afc717ef6291/winrt_runtime-3.2.1-cp311-cp311-win_arm64.whl", hash = "sha256:e94f3cb40ea2d723c44c82c16d715c03c6b3bd977d135b49535fdd5415fd9130", size = 415659, upload-time = "2025-06-06T06:44:07.007Z" },
]

[[package]]
name = "winrt-windows-devices-bluetooth"
version = "3.2.1"
source = { registry = "https://pypi.org/simple" }
dependencies = [
    { name = "winrt-runtime" },
]
sdist = { url = "https://files.pythonhosted.org/packages/b2/a0/1c8a0c469abba7112265c6cb52f0090d08a67c103639aee71fc690e614b8/winrt_windows_devices_bluetooth-3.2.1.tar.gz", hash = "sha256:db496d2d92742006d5a052468fc355bf7bb49e795341d695c374746113d74505", size = 23732, upload-time = "2025-06-06T14:41:20.489Z" }
wheels = [
    { url = "https://files.pythonhosted.org/packages/3b/cf/671bf29337323cc08f9969cb32312f217d2927d29dbf2964f0dbb378cb90/winrt_windows_devices_bluetooth-3.2.1-cp311-cp311-win32.whl", hash = "sha256:f4082a00b834c1e34b961e0612f3e581356bdb38c5798bd6842f88ec02e5152b", size = 105535, upload-time = "2025-06-06T07:00:08.146Z" },
    { url = "https://files.pythonhosted.org/packages/b6/d5/5761a8b6dcc56957018970dd443059c8ee8a79de7b07f0b4d143f8e7dc15/winrt_windows_devices_bluetooth-3.2.1-cp311-cp311-win_amd64.whl", hash = "sha256:44277a3f2cc5ac32ce9b4b2d96c5c5f601d394ac5f02cc71bcd551f738660e2d", size = 114612, upload-time = "2025-06-06T07:00:08.984Z" },
    { url = "https://files.pythonhosted.org/packages/24/0b/7819bb102286752d3572a75d03e6a8000ffe3c6cb7aee3eb136dca383fe2/winrt_windows_devices_bluetooth-3.2.1-cp311-cp311-win_arm64.whl", hash = "sha256:0803a417403a7d225316b9b0c4fe3f8446579d6a22f2f729a2c21f4befc74a80", size = 105017, upload-time = "2025-06-06T07:00:09.813Z" },
]

[[package]]
name = "winrt-windows-devices-bluetooth-advertisement"
version = "3.2.1"
source = { registry = "https://pypi.org/simple" }
dependencies = [
    { name = "winrt-runtime" },
]
sdist = { url = "https://files.pythonhosted.org/packages/06/fc/7ffe66ca4109b9e994b27c00f3d2d506e6e549e268791f755287ad9106d8/winrt_windows_devices_bluetooth_advertisement-3.2.1.tar.gz", hash = "sha256:0223852a7b7fa5c8dea3c6a93473bd783df4439b1ed938d9871f947933e574cc", size = 16906, upload-time = "2025-06-06T14:41:21.448Z" }
wheels = [
    { url = "https://files.pythonhosted.org/packages/ad/5e/c628719e877a89f00cac7ce53f9666acbc5ed6f074130729d5d6768b63ff/winrt_windows_devices_bluetooth_advertisement-3.2.1-cp311-cp311-win32.whl", hash = "sha256:fe17c2cf63284646622e8b2742b064bf7970bbf53cfab02062136c67fa6b06c9", size = 89614, upload-time = "2025-06-06T07:00:20.952Z" },
    { url = "https://files.pythonhosted.org/packages/ac/1a/d172d6f1c2fae53535e7f23835025cf39e3002749a0304f18a38e8ed490d/winrt_windows_devices_bluetooth_advertisement-3.2.1-cp311-cp311-win_amd64.whl", hash = "sha256:78e99dd48b4d89b71b7778c5085fdba64e754dd3ebc54fd09c200fe5222c6e09", size = 95783, upload-time = "2025-06-06T07:00:21.764Z" },
    { url = "https://files.pythonhosted.org/packages/67/c1/568dfdaea62ca3b13bb70162cb292e5cd0be5bbb98b738961ddcc2edd374/winrt_windows_devices_bluetooth_advertisement-3.2.1-cp311-cp311-win_arm64.whl", hash = "sha256:6d5d2295474deab444fc4311580c725a2ca8a814b0f3344d0779828891d75401", size = 89253, upload-time = "2025-06-06T07:00:22.603Z" },
]

[[package]]
name = "winrt-windows-devices-bluetooth-genericattributeprofile"
version = "3.2.1"
source = { registry = "https://pypi.org/simple" }
dependencies = [
    { name = "winrt-runtime" },
]
sdist = { url = "https://files.pythonhosted.org/packages/44/21/aeeddc0eccdfbd25e543360b5cc093233e2eab3cdfb53ad3cabae1b5d04d/winrt_windows_devices_bluetooth_genericattributeprofile-3.2.1.tar.gz", hash = "sha256:cdf6ddc375e9150d040aca67f5a17c41ceaf13a63f3668f96608bc1d045dde71", size = 38896, upload-time = "2025-06-06T14:41:22.687Z" }
wheels = [
    { url = "https://files.pythonhosted.org/packages/fa/5e/349a5d958be8c0570f0a49bbb746088bcfaa81555accb57503ba01185359/winrt_windows_devices_bluetooth_genericattributeprofile-3.2.1-cp311-cp311-win32.whl", hash = "sha256:832cf65d035a11e6dbfef4fd66abdcc46be7e911ec96e2e72e98e12d8d5b9d3c", size = 182312, upload-time = "2025-06-06T07:00:49.974Z" },
    { url = "https://files.pythonhosted.org/packages/90/db/929ab0085ec89e46bd3a58c74b451dd770c3285dfa0cbd4f4aa4730da004/winrt_windows_devices_bluetooth_genericattributeprofile-3.2.1-cp311-cp311-win_amd64.whl", hash = "sha256:8179638a6c721b0bbf04ba251ef98d5e02d9a17f0cce377398e42c4fbb441415", size = 187768, upload-time = "2025-06-06T07:00:50.853Z" },
    { url = "https://files.pythonhosted.org/packages/a3/53/f316e2224c384178204430439f04f9b72017fe8237e341a9aebb20da8191/winrt_windows_devices_bluetooth_genericattributeprofile-3.2.1-cp311-cp311-win_arm64.whl", hash = "sha256:70b7edfca3190b89ae38bf60972b11978311b6d933d3142ae45560c955dbf5c7", size = 184189, upload-time = "2025-06-06T07:00:51.791Z" },
]

[[package]]
name = "winrt-windows-devices-enumeration"
version = "3.2.1"
source = { registry = "https://pypi.org/simple" }
dependencies = [
    { name = "winrt-runtime" },
]
sdist = { url = "https://files.pythonhosted.org/packages/9e/dd/75835bfbd063dffa152109727dedbd80f6e92ea284855f7855d48cdf31c9/winrt_windows_devices_enumeration-3.2.1.tar.gz", hash = "sha256:df316899e39bfc0ffc1f3cb0f5ee54d04e1d167fbbcc1484d2d5121449a935cf", size = 23538, upload-time = "2025-06-06T14:41:26.787Z" }
wheels = [
    { url = "https://files.pythonhosted.org/packages/a6/92/ca1fd311d96fce15fba25543a2ae3cb829744a8af548a11d74233d0e4f64/winrt_windows_devices_enumeration-3.2.1-cp311-cp311-win32.whl", hash = "sha256:9f29465a6c6b0456e4330d4ad09eccdd53a17e1e97695c2e57db0d4666cc0011", size = 129898, upload-time = "2025-06-06T07:01:59.687Z" },
    { url = "https://files.pythonhosted.org/packages/03/fd/5bd5da5d7997725ba3f1995c16aa1c3362937f8ff68ad4cadfd3415eebcb/winrt_windows_devices_enumeration-3.2.1-cp311-cp311-win_amd64.whl", hash = "sha256:2a725d04b4cb43aa0e2af035f73a60d16a6c0ff165fcb6b763383e4e33a975fd", size = 142361, upload-time = "2025-06-06T07:02:00.546Z" },
    { url = "https://files.pythonhosted.org/packages/df/be/d423b63e740600e0617ddb85fba3ef99e7bbff02299fe46323bfe624a382/winrt_windows_devices_enumeration-3.2.1-cp311-cp311-win_arm64.whl", hash = "sha256:6365ef5978d4add26678827286034acf474b6b133aa4054e76567d12194e6817", size = 135808, upload-time = "2025-06-06T07:02:01.4Z" },
]

[[package]]
name = "winrt-windows-devices-radios"
version = "3.2.1"
source = { registry = "https://pypi.org/simple" }
dependencies = [
    { name = "winrt-runtime" },
]
sdist = { url = "https://files.pythonhosted.org/packages/5e/02/9704ea359ad8b0d6faa1011f98fb477e8fb6eac5201f39d19e73c2407e7b/winrt_windows_devices_radios-3.2.1.tar.gz", hash = "sha256:4dc9b9d1501846049eb79428d64ec698d6476c27a357999b78a8331072e18a0b", size = 5908, upload-time = "2025-06-06T14:41:44.868Z" }
wheels = [
    { url = "https://files.pythonhosted.org/packages/6b/a0/4a8b51da15de218cec04bcc1cd85b4b93bcfd8ebe50a5f0a7eee28836dc6/winrt_windows_devices_radios-3.2.1-cp311-cp311-win32.whl", hash = "sha256:7c02790472414b6cda00d24a8cd23bca18e4b7474ddad4f9264f4484b891807e", size = 38505, upload-time = "2025-06-06T07:07:59.204Z" },
    { url = "https://files.pythonhosted.org/packages/de/49/ba69e3180585dbc6f3336a09fef7cba4558a6a1e7d500500f62c1478418e/winrt_windows_devices_radios-3.2.1-cp311-cp311-win_amd64.whl", hash = "sha256:f87745486d313ba1e7562ca97f25ad436ec01ad4b3b9ea349fb6b6f25cb41104", size = 40157, upload-time = "2025-06-06T07:07:59.948Z" },
    { url = "https://files.pythonhosted.org/packages/9c/92/64817f71a20ecf842da36dc3848f42614217688137a69c93fda8a6103155/winrt_windows_devices_radios-3.2.1-cp311-cp311-win_arm64.whl", hash = "sha256:6cee6f946ff3a3571850d1ca745edaee7c331d06ca321873e650779654effc4a", size = 36976, upload-time = "2025-06-06T07:08:00.719Z" },
]

[[package]]
name = "winrt-windows-foundation"
version = "3.2.1"
source = { registry = "https://pypi.org/simple" }
dependencies = [
    { name = "winrt-runtime" },
]
sdist = { url = "https://files.pythonhosted.org/packages/0c/55/098ce7ea0679efcc1298b269c48768f010b6c68f90c588f654ec874c8a74/winrt_windows_foundation-3.2.1.tar.gz", hash = "sha256:ad2f1fcaa6c34672df45527d7c533731fdf65b67c4638c2b4aca949f6eec0656", size = 30485, upload-time = "2025-06-06T14:41:53.344Z" }
wheels = [
    { url = "https://files.pythonhosted.org/packages/c0/36/09b9757f7cbf269e67008ea2ad188a44f974c94c9b49ebf0b52d1a8c4069/winrt_windows_foundation-3.2.1-cp311-cp311-win32.whl", hash = "sha256:d1b5970241ccd61428f7330d099be75f4f52f25e510d82c84dbbdaadd625e437", size = 111944, upload-time = "2025-06-06T07:10:58.496Z" },
    { url = "https://files.pythonhosted.org/packages/05/a5/216d66df6bdcee58eb3877fabc1544337e23f850bf9f93838db7f5698371/winrt_windows_foundation-3.2.1-cp311-cp311-win_amd64.whl", hash = "sha256:f3762be2f6e0f2aedf83a0742fd727290b397ffe3463d963d29211e4ebb53a7e", size = 118465, upload-time = "2025-06-06T07:10:59.678Z" },
    { url = "https://files.pythonhosted.org/packages/be/ca/48ca8b5bc5be5c7a5516c9e1d9a21861b4217e1b4ee57923aab6f13fa411/winrt_windows_foundation-3.2.1-cp311-cp311-win_arm64.whl", hash = "sha256:806c77818217b3476e6c617293b3d5b0ff8a9901549dc3417586f6799938d671", size = 109609, upload-time = "2025-06-06T07:11:00.54Z" },
]

[[package]]
name = "winrt-windows-foundation-collections"
version = "3.2.1"
source = { registry = "https://pypi.org/simple" }
dependencies = [
    { name = "winrt-runtime" },
]
sdist = { url = "https://files.pythonhosted.org/packages/ef/62/d21e3f1eeb8d47077887bbf0c3882c49277a84d8f98f7c12bda64d498a07/winrt_windows_foundation_collections-3.2.1.tar.gz", hash = "sha256:0eff1ad0d8d763ad17e9e7bbd0c26a62b27215016393c05b09b046d6503ae6d5", size = 16043, upload-time = "2025-06-06T14:41:53.983Z" }
wheels = [
    { url = "https://files.pythonhosted.org/packages/87/b3/7e4a75c62e86bedf9458b7ec8dfed74cff3236e0b4b2288f95967d5cc4d2/winrt_windows_foundation_collections-3.2.1-cp311-cp311-win32.whl", hash = "sha256:9b272d9936e7db4840881c5dcf921eb26789ae4ef23fb6ec15e13e19a16254e7", size = 59693, upload-time = "2025-06-06T07:11:13.388Z" },
    { url = "https://files.pythonhosted.org/packages/32/58/049db1d95fdfc0c8451dc6db17442ed4e6b2aba361c425c0bb8dc8c98c4a/winrt_windows_foundation_collections-3.2.1-cp311-cp311-win_amd64.whl", hash = "sha256:c646a5d442dd6540ade50890081ca118b41f073356e19032d0a5d7d0d38fbc89", size = 70828, upload-time = "2025-06-06T07:11:14.54Z" },
    { url = "https://files.pythonhosted.org/packages/5b/6b/a04974f5555c86452e54c19d063d9fd45f0fe9f2a6858e7fe12c639043fb/winrt_windows_foundation_collections-3.2.1-cp311-cp311-win_arm64.whl", hash = "sha256:2c4630027c93cdd518b0cf4cc726b8fbdbc3388e36d02aa1de190a0fc18ca523", size = 59051, upload-time = "2025-06-06T07:11:15.379Z" },
]

[[package]]
name = "winrt-windows-storage-streams"
version = "3.2.1"
source = { registry = "https://pypi.org/simple" }
dependencies = [
    { name = "winrt-runtime" },
]
sdist = { url = "https://files.pythonhosted.org/packages/00/50/f4488b07281566e3850fcae1021f0285c9653992f60a915e15567047db63/winrt_windows_storage_streams-3.2.1.tar.gz", hash = "sha256:476f522722751eb0b571bc7802d85a82a3cae8b1cce66061e6e758f525e7b80f", size = 34335, upload-time = "2025-06-06T14:43:23.905Z" }
wheels = [
    { url = "https://files.pythonhosted.org/packages/19/60/a9e0dc03434aa29e6b5c83067e988cd5934adf830cd9f87cbbc06569ca32/winrt_windows_storage_streams-3.2.1-cp311-cp311-win32.whl", hash = "sha256:7dace2f9e364422255d0e2f335f741bfe7abb1f4d4f6003622b2450b87c91e69", size = 127509, upload-time = "2025-06-06T14:01:58.971Z" },
    { url = "https://files.pythonhosted.org/packages/23/98/6c9c21b5e75ff5927a130da9eaf5ab628dfa1f93b64c181f0193706cbd6c/winrt_windows_storage_streams-3.2.1-cp311-cp311-win_amd64.whl", hash = "sha256:b02fa251a7eef6081eca1a5f64ecf349cfd1ac0ac0c5a5a30be52897d060bed5", size = 132491, upload-time = "2025-06-06T14:01:59.788Z" },
    { url = "https://files.pythonhosted.org/packages/38/ca/d0a02045d445cbf1029d65f01b487fdded5b333c0367a8bae0565b3def00/winrt_windows_storage_streams-3.2.1-cp311-cp311-win_arm64.whl", hash = "sha256:efdf250140340a75647e8e8ad002782d91308e9fdd1e19470a5b9cc969ae4780", size = 128577, upload-time = "2025-06-06T14:02:00.623Z" },
]
